// !$*UTF8*$!
{
	archiveVersion = 1;
	classes = {
	};
	objectVersion = 46;
	objects = {

/* Begin PBXBuildFile section */
		925710151C2171B30029FEC0 /* Assets.xcassets in Resources */ = {isa = PBXBuildFile; fileRef = 925710131C2171B30029FEC0 /* Assets.xcassets */; };
		925710161C2171B30029FEC0 /* LaunchScreen.storyboard in Resources */ = {isa = PBXBuildFile; fileRef = 925710141C2171B30029FEC0 /* LaunchScreen.storyboard */; };
		927CF0711B15FE2600D2EFC4 /* main.m in Sources */ = {isa = PBXBuildFile; fileRef = 927CF0701B15FE2600D2EFC4 /* main.m */; };
		927CF0741B15FE2600D2EFC4 /* AppDelegate.m in Sources */ = {isa = PBXBuildFile; fileRef = 927CF0731B15FE2600D2EFC4 /* AppDelegate.m */; };
		927CF0771B15FE2600D2EFC4 /* ViewController.m in Sources */ = {isa = PBXBuildFile; fileRef = 927CF0761B15FE2600D2EFC4 /* ViewController.m */; };
		927CF07A1B15FE2600D2EFC4 /* Main.storyboard in Resources */ = {isa = PBXBuildFile; fileRef = 927CF0781B15FE2600D2EFC4 /* Main.storyboard */; };
/* End PBXBuildFile section */

/* Begin PBXFileReference section */
		925710131C2171B30029FEC0 /* Assets.xcassets */ = {isa = PBXFileReference; lastKnownFileType = folder.assetcatalog; path = Assets.xcassets; sourceTree = "<group>"; };
		925710141C2171B30029FEC0 /* LaunchScreen.storyboard */ = {isa = PBXFileReference; fileEncoding = 4; lastKnownFileType = file.storyboard; path = LaunchScreen.storyboard; sourceTree = "<group>"; };
		927CF06B1B15FE2600D2EFC4 /* iPullTableToZoom.app */ = {isa = PBXFileReference; explicitFileType = wrapper.application; includeInIndex = 0; path = iPullTableToZoom.app; sourceTree = BUILT_PRODUCTS_DIR; };
		927CF06F1B15FE2600D2EFC4 /* Info.plist */ = {isa = PBXFileReference; lastKnownFileType = text.plist.xml; path = Info.plist; sourceTree = "<group>"; };
		927CF0701B15FE2600D2EFC4 /* main.m */ = {isa = PBXFileReference; lastKnownFileType = sourcecode.c.objc; path = main.m; sourceTree = "<group>"; };
		927CF0721B15FE2600D2EFC4 /* AppDelegate.h */ = {isa = PBXFileReference; lastKnownFileType = sourcecode.c.h; path = AppDelegate.h; sourceTree = "<group>"; };
		927CF0731B15FE2600D2EFC4 /* AppDelegate.m */ = {isa = PBXFileReference; lastKnownFileType = sourcecode.c.objc; path = AppDelegate.m; sourceTree = "<group>"; };
		927CF0751B15FE2600D2EFC4 /* ViewController.h */ = {isa = PBXFileReference; lastKnownFileType = sourcecode.c.h; path = ViewController.h; sourceTree = "<group>"; };
		927CF0761B15FE2600D2EFC4 /* ViewController.m */ = {isa = PBXFileReference; lastKnownFileType = sourcecode.c.objc; path = ViewController.m; sourceTree = "<group>"; };
		927CF0791B15FE2600D2EFC4 /* Base */ = {isa = PBXFileReference; lastKnownFileType = file.storyboard; name = Base; path = Base.lproj/Main.storyboard; sourceTree = "<group>"; };
/* End PBXFileReference section */

/* Begin PBXFrameworksBuildPhase section */
		927CF0681B15FE2600D2EFC4 /* Frameworks */ = {
			isa = PBXFrameworksBuildPhase;
			buildActionMask = 2147483647;
			files = (
			);
			runOnlyForDeploymentPostprocessing = 0;
		};
/* End PBXFrameworksBuildPhase section */

/* Begin PBXGroup section */
		927CF0621B15FE2600D2EFC4 = {
			isa = PBXGroup;
			children = (
				927CF06D1B15FE2600D2EFC4 /* iPullTableToZoom */,
				927CF06C1B15FE2600D2EFC4 /* Products */,
			);
			sourceTree = "<group>";
		};
		927CF06C1B15FE2600D2EFC4 /* Products */ = {
			isa = PBXGroup;
			children = (
				927CF06B1B15FE2600D2EFC4 /* iPullTableToZoom.app */,
			);
			name = Products;
			sourceTree = "<group>";
		};
		927CF06D1B15FE2600D2EFC4 /* iPullTableToZoom */ = {
			isa = PBXGroup;
			children = (
				927CF0721B15FE2600D2EFC4 /* AppDelegate.h */,
				927CF0731B15FE2600D2EFC4 /* AppDelegate.m */,
				927CF0751B15FE2600D2EFC4 /* ViewController.h */,
				927CF0761B15FE2600D2EFC4 /* ViewController.m */,
				927CF0781B15FE2600D2EFC4 /* Main.storyboard */,
				925710131C2171B30029FEC0 /* Assets.xcassets */,
				925710141C2171B30029FEC0 /* LaunchScreen.storyboard */,
				927CF06E1B15FE2600D2EFC4 /* Supporting Files */,
			);
			path = iPullTableToZoom;
			sourceTree = "<group>";
		};
		927CF06E1B15FE2600D2EFC4 /* Supporting Files */ = {
			isa = PBXGroup;
			children = (
				927CF06F1B15FE2600D2EFC4 /* Info.plist */,
				927CF0701B15FE2600D2EFC4 /* main.m */,
			);
			name = "Supporting Files";
			sourceTree = "<group>";
		};
/* End PBXGroup section */

/* Begin PBXNativeTarget section */
		927CF06A1B15FE2600D2EFC4 /* iPullTableToZoom */ = {
			isa = PBXNativeTarget;
			buildConfigurationList = 927CF08E1B15FE2600D2EFC4 /* Build configuration list for PBXNativeTarget "iPullTableToZoom" */;
			buildPhases = (
				927CF0671B15FE2600D2EFC4 /* Sources */,
				927CF0681B15FE2600D2EFC4 /* Frameworks */,
				927CF0691B15FE2600D2EFC4 /* Resources */,
			);
			buildRules = (
			);
			dependencies = (
			);
			name = iPullTableToZoom;
			productName = iPullTableToZoom;
			productReference = 927CF06B1B15FE2600D2EFC4 /* iPullTableToZoom.app */;
			productType = "com.apple.product-type.application";
		};
/* End PBXNativeTarget section */

/* Begin PBXProject section */
		927CF0631B15FE2600D2EFC4 /* Project object */ = {
			isa = PBXProject;
			attributes = {
				LastUpgradeCheck = 0720;
				TargetAttributes = {
					927CF06A1B15FE2600D2EFC4 = {
						CreatedOnToolsVersion = 6.3.2;
					};
				};
			};
			buildConfigurationList = 927CF0661B15FE2600D2EFC4 /* Build configuration list for PBXProject "iPullTableToZoom" */;
			compatibilityVersion = "Xcode 3.2";
			developmentRegion = English;
			hasScannedForEncodings = 0;
			knownRegions = (
				en,
				Base,
			);
			mainGroup = 927CF0621B15FE2600D2EFC4;
			productRefGroup = 927CF06C1B15FE2600D2EFC4 /* Products */;
			projectDirPath = "";
			projectRoot = "";
			targets = (
				927CF06A1B15FE2600D2EFC4 /* iPullTableToZoom */,
			);
		};
/* End PBXProject section */

/* Begin PBXResourcesBuildPhase section */
		927CF0691B15FE2600D2EFC4 /* Resources */ = {
			isa = PBXResourcesBuildPhase;
			buildActionMask = 2147483647;
			files = (
				927CF07A1B15FE2600D2EFC4 /* Main.storyboard in Resources */,
				925710161C2171B30029FEC0 /* LaunchScreen.storyboard in Resources */,
				925710151C2171B30029FEC0 /* Assets.xcassets in Resources */,
			);
			runOnlyForDeploymentPostprocessing = 0;
		};
/* End PBXResourcesBuildPhase section */

/* Begin PBXSourcesBuildPhase section */
		927CF0671B15FE2600D2EFC4 /* Sources */ = {
			isa = PBXSourcesBuildPhase;
			buildActionMask = 2147483647;
			files = (
				927CF0771B15FE2600D2EFC4 /* ViewController.m in Sources */,
				927CF0741B15FE2600D2EFC4 /* AppDelegate.m in Sources */,
				927CF0711B15FE2600D2EFC4 /* main.m in Sources */,
			);
			runOnlyForDeploymentPostprocessing = 0;
		};
/* End PBXSourcesBuildPhase section */

/* Begin PBXVariantGroup section */
		927CF0781B15FE2600D2EFC4 /* Main.storyboard */ = {
			isa = PBXVariantGroup;
			children = (
				927CF0791B15FE2600D2EFC4 /* Base */,
			);
			name = Main.storyboard;
			sourceTree = "<group>";
		};
/* End PBXVariantGroup section */

/* Begin XCBuildConfiguration section */
		927CF08C1B15FE2600D2EFC4 /* Debug */ = {
			isa = XCBuildConfiguration;
			buildSettings = {
				ALWAYS_SEARCH_USER_PATHS = NO;
				CLANG_CXX_LANGUAGE_STANDARD = "gnu++0x";
				CLANG_CXX_LIBRARY = "libc++";
				CLANG_ENABLE_MODULES = YES;
				CLANG_ENABLE_OBJC_ARC = YES;
				CLANG_WARN_BOOL_CONVERSION = YES;
				CLANG_WARN_CONSTANT_CONVERSION = YES;
				CLANG_WARN_DIRECT_OBJC_ISA_USAGE = YES_ERROR;
				CLANG_WARN_EMPTY_BODY = YES;
				CLANG_WARN_ENUM_CONVERSION = YES;
				CLANG_WARN_INT_CONVERSION = YES;
				CLANG_WARN_OBJC_ROOT_CLASS = YES_ERROR;
				CLANG_WARN_UNREACHABLE_CODE = YES;
				CLANG_WARN__DUPLICATE_METHOD_MATCH = YES;
				"CODE_SIGN_IDENTITY[sdk=iphoneos*]" = "iPhone Developer";
				COPY_PHASE_STRIP = NO;
				DEBUG_INFORMATION_FORMAT = "dwarf-with-dsym";
				ENABLE_STRICT_OBJC_MSGSEND = YES;
				ENABLE_TESTABILITY = YES;
				GCC_C_LANGUAGE_STANDARD = gnu99;
				GCC_DYNAMIC_NO_PIC = NO;
				GCC_NO_COMMON_BLOCKS = YES;
				GCC_OPTIMIZATION_LEVEL = 0;
				GCC_PREPROCESSOR_DEFINITIONS = (
					"DEBUG=1",
					"$(inherited)",
				);
				GCC_SYMBOLS_PRIVATE_EXTERN = NO;
				GCC_WARN_64_TO_32_BIT_CONVERSION = YES;
				GCC_WARN_ABOUT_RETURN_TYPE = YES_ERROR;
				GCC_WARN_UNDECLARED_SELECTOR = YES;
				GCC_WARN_UNINITIALIZED_AUTOS = YES_AGGRESSIVE;
				GCC_WARN_UNUSED_FUNCTION = YES;
				GCC_WARN_UNUSED_VARIABLE = YES;
				IPHONEOS_DEPLOYMENT_TARGET = 8.3;
				MTL_ENABLE_DEBUG_INFO = YES;
				ONLY_ACTIVE_ARCH = YES;
				SDKROOT = iphoneos;
				TARGETED_DEVICE_FAMILY = "1,2";
			};
			name = Debug;
		};
		927CF08D1B15FE2600D2EFC4 /* Release */ = {
			isa = XCBuildConfiguration;
			buildSettings = {
				ALWAYS_SEARCH_USER_PATHS = NO;
				CLANG_CXX_LANGUAGE_STANDARD = "gnu++0x";
				CLANG_CXX_LIBRARY = "libc++";
				CLANG_ENABLE_MODULES = YES;
				CLANG_ENABLE_OBJC_ARC = YES;
				CLANG_WARN_BOOL_CONVERSION = YES;
				CLANG_WARN_CONSTANT_CONVERSION = YES;
				CLANG_WARN_DIRECT_OBJC_ISA_USAGE = YES_ERROR;
				CLANG_WARN_EMPTY_BODY = YES;
				CLANG_WARN_ENUM_CONVERSION = YES;
				CLANG_WARN_INT_CONVERSION = YES;
				CLANG_WARN_OBJC_ROOT_CLASS = YES_ERROR;
				CLANG_WARN_UNREACHABLE_CODE = YES;
				CLANG_WARN__DUPLICATE_METHOD_MATCH = YES;
				"CODE_SIGN_IDENTITY[sdk=iphoneos*]" = "iPhone Developer";
				COPY_PHASE_STRIP = NO;
				DEBUG_INFORMATION_FORMAT = "dwarf-with-dsym";
				ENABLE_NS_ASSERTIONS = NO;
				ENABLE_STRICT_OBJC_MSGSEND = YES;
				GCC_C_LANGUAGE_STANDARD = gnu99;
				GCC_NO_COMMON_BLOCKS = YES;
				GCC_WARN_64_TO_32_BIT_CONVERSION = YES;
				GCC_WARN_ABOUT_RETURN_TYPE = YES_ERROR;
				GCC_WARN_UNDECLARED_SELECTOR = YES;
				GCC_WARN_UNINITIALIZED_AUTOS = YES_AGGRESSIVE;
				GCC_WARN_UNUSED_FUNCTION = YES;
				GCC_WARN_UNUSED_VARIABLE = YES;
				IPHONEOS_DEPLOYMENT_TARGET = 8.3;
				MTL_ENABLE_DEBUG_INFO = NO;
				SDKROOT = iphoneos;
				TARGETED_DEVICE_FAMILY = "1,2";
				VALIDATE_PRODUCT = YES;
			};
			name = Release;
		};
		927CF08F1B15FE2600D2EFC4 /* Debug */ = {
			isa = XCBuildConfiguration;
			buildSettings = {
				ASSETCATALOG_COMPILER_APPICON_NAME = AppIcon;
				INFOPLIST_FILE = iPullTableToZoom/Info.plist;
				LD_RUNPATH_SEARCH_PATHS = "$(inherited) @executable_path/Frameworks";
				PRODUCT_BUNDLE_IDENTIFIER = "com.myorg.mstore.$(PRODUCT_NAME:rfc1034identifier)";
				PRODUCT_NAME = "$(TARGET_NAME)";
			};
			name = Debug;
		};
		927CF0901B15FE2600D2EFC4 /* Release */ = {
			isa = XCBuildConfiguration;
			buildSettings = {
				ASSETCATALOG_COMPILER_APPICON_NAME = AppIcon;
				INFOPLIST_FILE = iPullTableToZoom/Info.plist;
				LD_RUNPATH_SEARCH_PATHS = "$(inherited) @executable_path/Frameworks";
				PRODUCT_BUNDLE_IDENTIFIER = "com.myorg.mstore.$(PRODUCT_NAME:rfc1034identifier)";
				PRODUCT_NAME = "$(TARGET_NAME)";
			};
			name = Release;
		};
/* End XCBuildConfiguration section */

/* Begin XCConfigurationList section */
		927CF0661B15FE2600D2EFC4 /* Build configuration list for PBXProject "iPullTableToZoom" */ = {
			isa = XCConfigurationList;
			buildConfigurations = (
				927CF08C1B15FE2600D2EFC4 /* Debug */,
				927CF08D1B15FE2600D2EFC4 /* Release */,
			);
			defaultConfigurationIsVisible = 0;
			defaultConfigurationName = Release;
		};
		927CF08E1B15FE2600D2EFC4 /* Build configuration list for PBXNativeTarget "iPullTableToZoom" */ = {
			isa = XCConfigurationList;
			buildConfigurations = (
				927CF08F1B15FE2600D2EFC4 /* Debug */,
				927CF0901B15FE2600D2EFC4 /* Release */,
			);
			defaultConfigurationIsVisible = 0;
			defaultConfigurationName = Release;
		};
/* End XCConfigurationList section */
	};
	rootObject = 927CF0631B15FE2600D2EFC4 /* Project object */;
}
